
Microsoft Visual Studio Solution File, Format Version 12.00
# Visual Studio 2013
VisualStudioVersion = 12.0.30723.0
MinimumVisualStudioVersion = 10.0.40219.1
Project("{FAE04EC0-301F-11D3-BF4B-00C04F79EFBC}") = "Heer.Linq.Nullsafe", "Heer.Linq.Nullsafe\Heer.Linq.Nullsafe.csproj", "{9D996665-4AB7-41D3-A70E-5795362867DC}"
EndProject
Project("{FAE04EC0-301F-11D3-BF4B-00C04F79EFBC}") = "Heer.Linq.Nullsafe.Tests", "Heer.Linq.Nullsafe.Tests\Heer.Linq.Nullsafe.Tests.csproj", "{B3B7E72B-7AC5-4379-8800-38BB991C4A76}"
EndProject
Project("{2150E333-8FDC-42A3-9474-1A3956D46DE8}") = "Solution Items", "Solution Items", "{C1665BA5-91FF-4284-9639-A1DE66EBDDA2}"
	ProjectSection(SolutionItems) = preProject
		README.md = README.md
	EndProjectSection
EndProject
Project("{2150E333-8FDC-42A3-9474-1A3956D46DE8}") = ".nuget", ".nuget", "{2B49F4D1-FEB7-4E01-B5BA-DD1E6EEBD972}"
	ProjectSection(SolutionItems) = preProject
		.nuget\NuGet.config = .nuget\NuGet.config
		.nuget\NuGet.exe = .nuget\NuGet.exe
		.nuget\NuGet.targets = .nuget\NuGet.targets
	EndProjectSection
EndProject
Global
	GlobalSection(SolutionConfigurationPlatforms) = preSolution
		Debug|Any CPU = Debug|Any CPU
		Release|Any CPU = Release|Any CPU
	EndGlobalSection
	GlobalSection(ProjectConfigurationPlatforms) = postSolution
		{9D996665-4AB7-41D3-A70E-5795362867DC}.Debug|Any CPU.ActiveCfg = Debug|Any CPU
		{9D996665-4AB7-41D3-A70E-5795362867DC}.Debug|Any CPU.Build.0 = Debug|Any CPU
		{9D996665-4AB7-41D3-A70E-5795362867DC}.Release|Any CPU.ActiveCfg = Release|Any CPU
		{9D996665-4AB7-41D3-A70E-5795362867DC}.Release|Any CPU.Build.0 = Release|Any CPU
		{B3B7E72B-7AC5-4379-8800-38BB991C4A76}.Debug|Any CPU.ActiveCfg = Debug|Any CPU
		{B3B7E72B-7AC5-4379-8800-38BB991C4A76}.Debug|Any CPU.Build.0 = Debug|Any CPU
		{B3B7E72B-7AC5-4379-8800-38BB991C4A76}.Release|Any CPU.ActiveCfg = Release|Any CPU
		{B3B7E72B-7AC5-4379-8800-38BB991C4A76}.Release|Any CPU.Build.0 = Release|Any CPU
	EndGlobalSection
	GlobalSection(SolutionProperties) = preSolution
		HideSolutionNode = FALSE
	EndGlobalSection
EndGlobal
